# THIS IS AN AUTOGENERATED FILE. DO NOT EDIT THIS FILE DIRECTLY.
# yarn lockfile v1


"@types/faker@^5.5.8":
  version "5.5.8"
  resolved "https://registry.yarnpkg.com/@types/faker/-/faker-5.5.8.tgz#6649adfdfdbb0acf95361fc48f2d0ca6e88bd1cf"
  integrity sha512-bsl0rYsaZVHlZkynL5O04q6YXDmVjcid6MbOHWqvtE2WWs/EKhp0qchDDhVWlWyQXUffX1G83X9LnMxRl8S/Mw==

"@types/google.maps@^3.45.6":
  version "3.45.6"
  resolved "https://registry.yarnpkg.com/@types/google.maps/-/google.maps-3.45.6.tgz#441a7bc76424243b307596fc8d282a435a979ebd"
  integrity sha512-BzGzxs8UXFxeP8uN/0nRgGbsbpYQxSCKsv/7S8OitU7wwhfFcqQSm5aAcL1nbwueMiJ/VVmIZKPq69s0kX5W+Q==

faker@^5.5.3:
  version "5.5.3"
  resolved "https://registry.yarnpkg.com/faker/-/faker-5.5.3.tgz#c57974ee484431b25205c2c8dc09fda861e51e0e"
  integrity sha512-wLTv2a28wjUyWkbnX7u/ABZBkUkIF2fCd73V6P2oFqEGEktDfzWx4UxrSqtPRw0xPRAcjeAOIiJWqZm3pP4u3g==

typescript@^4.4.3:
  version "4.4.3"
  resolved "https://registry.yarnpkg.com/typescript/-/typescript-4.4.3.tgz#bdc5407caa2b109efd4f82fe130656f977a29324"
  integrity sha512-4xfscpisVgqqDfPaJo5vkd+Qd/ItkoagnHpufr+i2QCHBsNYp+G7UAoyFl8aPtx879u38wPV65rZ8qbGZijalA==
